
Microsoft Visual Studio Solution File, Format Version 12.00
# Visual Studio Version 17
VisualStudioVersion = 17.9.34622.214
MinimumVisualStudioVersion = 10.0.40219.1
Project("{FAE04EC0-301F-11D3-BF4B-00C04F79EFBC}") = "WebApi", "WebApi.csproj", "{32D1D662-6803-418D-A05F-8A1D0A9446DE}"
EndProject
Project("{FAE04EC0-301F-11D3-BF4B-00C04F79EFBC}") = "Models", "..\Models\Models.csproj", "{4B93AAFB-4F5A-4755-BC6A-644E54691192}"
EndProject
Global
	GlobalSection(SolutionConfigurationPlatforms) = preSolution
		Debug|Any CPU = Debug|Any CPU
		Release|Any CPU = Release|Any CPU
	EndGlobalSection
	GlobalSection(ProjectConfigurationPlatforms) = postSolution
		{32D1D662-6803-418D-A05F-8A1D0A9446DE}.Debug|Any CPU.ActiveCfg = Debug|Any CPU
		{32D1D662-6803-418D-A05F-8A1D0A9446DE}.Debug|Any CPU.Build.0 = Debug|Any CPU
		{32D1D662-6803-418D-A05F-8A1D0A9446DE}.Release|Any CPU.ActiveCfg = Release|Any CPU
		{32D1D662-6803-418D-A05F-8A1D0A9446DE}.Release|Any CPU.Build.0 = Release|Any CPU
		{4B93AAFB-4F5A-4755-BC6A-644E54691192}.Debug|Any CPU.ActiveCfg = Debug|Any CPU
		{4B93AAFB-4F5A-4755-BC6A-644E54691192}.Debug|Any CPU.Build.0 = Debug|Any CPU
		{4B93AAFB-4F5A-4755-BC6A-644E54691192}.Release|Any CPU.ActiveCfg = Release|Any CPU
		{4B93AAFB-4F5A-4755-BC6A-644E54691192}.Release|Any CPU.Build.0 = Release|Any CPU
	EndGlobalSection
	GlobalSection(SolutionProperties) = preSolution
		HideSolutionNode = FALSE
	EndGlobalSection
	GlobalSection(ExtensibilityGlobals) = postSolution
		SolutionGuid = {9FC7C75C-23B0-45BB-82DE-E3C50FF00449}
	EndGlobalSection
EndGlobal
